
Microsoft Visual Studio Solution File, Format Version 12.00
# Visual Studio 15
VisualStudioVersion = 15.0.33026.149
MinimumVisualStudioVersion = 10.0.40219.1
Project("{FAE04EC0-301F-11D3-BF4B-00C04F79EFBC}") = "Web", "Web\Web.csproj", "{C67D39C4-7DCF-43D8-B02E-04F59406167A}"
EndProject
Global
	GlobalSection(SolutionConfigurationPlatforms) = preSolution
		Debug|Any CPU = Debug|Any CPU
		Release|Any CPU = Release|Any CPU
	EndGlobalSection
	GlobalSection(ProjectConfigurationPlatforms) = postSolution
		{C67D39C4-7DCF-43D8-B02E-04F59406167A}.Debug|Any CPU.ActiveCfg = Debug|Any CPU
		{C67D39C4-7DCF-43D8-B02E-04F59406167A}.Debug|Any CPU.Build.0 = Debug|Any CPU
		{C67D39C4-7DCF-43D8-B02E-04F59406167A}.Release|Any CPU.ActiveCfg = Release|Any CPU
		{C67D39C4-7DCF-43D8-B02E-04F59406167A}.Release|Any CPU.Build.0 = Release|Any CPU
	EndGlobalSection
	GlobalSection(SolutionProperties) = preSolution
		HideSolutionNode = FALSE
	EndGlobalSection
	GlobalSection(ExtensibilityGlobals) = postSolution
		SolutionGuid = {B5B7155E-BE70-406D-B09A-6B97E0102748}
	EndGlobalSection
EndGlobal
